
Microsoft Visual Studio Solution File, Format Version 12.00
# Visual Studio Version 17
VisualStudioVersion = 17.7.34031.279
MinimumVisualStudioVersion = 10.0.40219.1
Project("{9A19103F-16F7-4668-BE54-9A1E7A4F7556}") = "Lab1", "Lab1\Lab1.csproj", "{A3E59693-72E9-405C-BFE9-0F80255F2763}"
EndProject
Project("{9A19103F-16F7-4668-BE54-9A1E7A4F7556}") = "Lab6", "Lab6\Lab6.csproj", "{89552676-E064-4E37-B201-34DA493FE9E6}"
EndProject
Project("{9A19103F-16F7-4668-BE54-9A1E7A4F7556}") = "Lab4", "Lab4\Lab4.csproj", "{B5C8ACAC-46EC-49F5-8181-A6E0FF7E6B19}"
EndProject
Project("{FAE04EC0-301F-11D3-BF4B-00C04F79EFBC}") = "Lab5", "Lab5\Lab5.csproj", "{DC9AB008-5085-4DE3-A600-C351DA3DB205}"
EndProject
Project("{FAE04EC0-301F-11D3-BF4B-00C04F79EFBC}") = "Lab7", "Lab7\Lab7.csproj", "{942ED8FE-C902-446C-96B0-DA2DBCA32FF0}"
EndProject
Project("{FAE04EC0-301F-11D3-BF4B-00C04F79EFBC}") = "Lab8", "Lab8\Lab8.csproj", "{26422981-FD49-4BBB-89A1-4D918B28B28E}"
EndProject
Project("{FAE04EC0-301F-11D3-BF4B-00C04F79EFBC}") = "ConsoleApp1", "ConsoleApp1\ConsoleApp1.csproj", "{E99A1AC8-B414-441A-9EEA-EED1F6F91E0E}"
EndProject
Project("{FAE04EC0-301F-11D3-BF4B-00C04F79EFBC}") = "Lab9", "Lab9\Lab9.csproj", "{01C92E36-EE9E-4131-BA6D-4DE92ADDB065}"
EndProject
Project("{FAE04EC0-301F-11D3-BF4B-00C04F79EFBC}") = "Lab10", "Lab10\Lab10.csproj", "{7BA7C7E2-355B-4980-8A38-251B35F88755}"
EndProject
Project("{FAE04EC0-301F-11D3-BF4B-00C04F79EFBC}") = "Async", "Async\Async.csproj", "{92B8EE70-F52B-4D1D-904E-D8F4A5BE8616}"
EndProject
Global
	GlobalSection(SolutionConfigurationPlatforms) = preSolution
		Debug|Any CPU = Debug|Any CPU
		Release|Any CPU = Release|Any CPU
	EndGlobalSection
	GlobalSection(ProjectConfigurationPlatforms) = postSolution
		{A3E59693-72E9-405C-BFE9-0F80255F2763}.Debug|Any CPU.ActiveCfg = Debug|Any CPU
		{A3E59693-72E9-405C-BFE9-0F80255F2763}.Debug|Any CPU.Build.0 = Debug|Any CPU
		{A3E59693-72E9-405C-BFE9-0F80255F2763}.Release|Any CPU.ActiveCfg = Release|Any CPU
		{A3E59693-72E9-405C-BFE9-0F80255F2763}.Release|Any CPU.Build.0 = Release|Any CPU
		{89552676-E064-4E37-B201-34DA493FE9E6}.Debug|Any CPU.ActiveCfg = Debug|Any CPU
		{89552676-E064-4E37-B201-34DA493FE9E6}.Debug|Any CPU.Build.0 = Debug|Any CPU
		{89552676-E064-4E37-B201-34DA493FE9E6}.Release|Any CPU.ActiveCfg = Release|Any CPU
		{89552676-E064-4E37-B201-34DA493FE9E6}.Release|Any CPU.Build.0 = Release|Any CPU
		{B5C8ACAC-46EC-49F5-8181-A6E0FF7E6B19}.Debug|Any CPU.ActiveCfg = Debug|Any CPU
		{B5C8ACAC-46EC-49F5-8181-A6E0FF7E6B19}.Debug|Any CPU.Build.0 = Debug|Any CPU
		{B5C8ACAC-46EC-49F5-8181-A6E0FF7E6B19}.Release|Any CPU.ActiveCfg = Release|Any CPU
		{B5C8ACAC-46EC-49F5-8181-A6E0FF7E6B19}.Release|Any CPU.Build.0 = Release|Any CPU
		{DC9AB008-5085-4DE3-A600-C351DA3DB205}.Debug|Any CPU.ActiveCfg = Debug|Any CPU
		{DC9AB008-5085-4DE3-A600-C351DA3DB205}.Debug|Any CPU.Build.0 = Debug|Any CPU
		{DC9AB008-5085-4DE3-A600-C351DA3DB205}.Release|Any CPU.ActiveCfg = Release|Any CPU
		{DC9AB008-5085-4DE3-A600-C351DA3DB205}.Release|Any CPU.Build.0 = Release|Any CPU
		{942ED8FE-C902-446C-96B0-DA2DBCA32FF0}.Debug|Any CPU.ActiveCfg = Debug|Any CPU
		{942ED8FE-C902-446C-96B0-DA2DBCA32FF0}.Debug|Any CPU.Build.0 = Debug|Any CPU
		{942ED8FE-C902-446C-96B0-DA2DBCA32FF0}.Release|Any CPU.ActiveCfg = Release|Any CPU
		{942ED8FE-C902-446C-96B0-DA2DBCA32FF0}.Release|Any CPU.Build.0 = Release|Any CPU
		{26422981-FD49-4BBB-89A1-4D918B28B28E}.Debug|Any CPU.ActiveCfg = Debug|Any CPU
		{26422981-FD49-4BBB-89A1-4D918B28B28E}.Debug|Any CPU.Build.0 = Debug|Any CPU
		{26422981-FD49-4BBB-89A1-4D918B28B28E}.Release|Any CPU.ActiveCfg = Release|Any CPU
		{26422981-FD49-4BBB-89A1-4D918B28B28E}.Release|Any CPU.Build.0 = Release|Any CPU
		{E99A1AC8-B414-441A-9EEA-EED1F6F91E0E}.Debug|Any CPU.ActiveCfg = Debug|Any CPU
		{E99A1AC8-B414-441A-9EEA-EED1F6F91E0E}.Debug|Any CPU.Build.0 = Debug|Any CPU
		{E99A1AC8-B414-441A-9EEA-EED1F6F91E0E}.Release|Any CPU.ActiveCfg = Release|Any CPU
		{E99A1AC8-B414-441A-9EEA-EED1F6F91E0E}.Release|Any CPU.Build.0 = Release|Any CPU
		{01C92E36-EE9E-4131-BA6D-4DE92ADDB065}.Debug|Any CPU.ActiveCfg = Debug|Any CPU
		{01C92E36-EE9E-4131-BA6D-4DE92ADDB065}.Debug|Any CPU.Build.0 = Debug|Any CPU
		{01C92E36-EE9E-4131-BA6D-4DE92ADDB065}.Release|Any CPU.ActiveCfg = Release|Any CPU
		{01C92E36-EE9E-4131-BA6D-4DE92ADDB065}.Release|Any CPU.Build.0 = Release|Any CPU
		{7BA7C7E2-355B-4980-8A38-251B35F88755}.Debug|Any CPU.ActiveCfg = Debug|Any CPU
		{7BA7C7E2-355B-4980-8A38-251B35F88755}.Debug|Any CPU.Build.0 = Debug|Any CPU
		{7BA7C7E2-355B-4980-8A38-251B35F88755}.Release|Any CPU.ActiveCfg = Release|Any CPU
		{7BA7C7E2-355B-4980-8A38-251B35F88755}.Release|Any CPU.Build.0 = Release|Any CPU
		{92B8EE70-F52B-4D1D-904E-D8F4A5BE8616}.Debug|Any CPU.ActiveCfg = Debug|Any CPU
		{92B8EE70-F52B-4D1D-904E-D8F4A5BE8616}.Debug|Any CPU.Build.0 = Debug|Any CPU
		{92B8EE70-F52B-4D1D-904E-D8F4A5BE8616}.Release|Any CPU.ActiveCfg = Release|Any CPU
		{92B8EE70-F52B-4D1D-904E-D8F4A5BE8616}.Release|Any CPU.Build.0 = Release|Any CPU
	EndGlobalSection
	GlobalSection(SolutionProperties) = preSolution
		HideSolutionNode = FALSE
	EndGlobalSection
	GlobalSection(ExtensibilityGlobals) = postSolution
		SolutionGuid = {E46436CA-34B6-4572-AB30-90CEC1812920}
	EndGlobalSection
EndGlobal
